{
  "nodes": {
    "nixpkgs": {
      "locked": {
        "lastModified": 1768127708,
        "narHash": "sha256-1Sm77VfZh3mU0F5OqKABNLWxOuDeHIlcFjsXeeiPazs=",
        "owner": "NixOS",
        "repo": "nixpkgs",
        "rev": "ffbc9f8cbaacfb331b6017d5a5abb21a492c9a38",
        "type": "github"
      },
      "original": {
        "owner": "NixOS",
        "ref": "nixos-unstable",
        "repo": "nixpkgs",
        "type": "github"
      }
    },
    "root": {
      "inputs": {
        "nixpkgs": "nixpkgs",
        "seabios": "seabios"
      }
    },
    "seabios": {
      "flake": false,
      "locked": {
        "lastModified": 1754522132,
        "narHash": "sha256-hObHP58wDjeDG9rGzM0igqkp4h3w1xxMjRQwUAtkwac=",
        "ref": "refs/heads/master",
        "rev": "0026c353eb4e220af29750fcf000d48faf8d4ab3",
        "revCount": 2713,
        "type": "git",
        "url": "https://git.seabios.org/seabios.git"
      },
      "original": {
        "type": "git",
        "url": "https://git.seabios.org/seabios.git"
      }
    }
  },
  "root": "root",
  "version": 7
}
